
Microsoft Visual Studio Solution File, Format Version 12.00
# Visual Studio Version 16
VisualStudioVersion = 16.0.30225.117
MinimumVisualStudioVersion = 10.0.40219.1
Project("{FAE04EC0-301F-11D3-BF4B-00C04F79EFBC}") = "Correios", "Correios\Correios.csproj", "{8F2543FB-9251-4ADE-8E1E-39349C9AACD2}"
EndProject
Global
	GlobalSection(SolutionConfigurationPlatforms) = preSolution
		Debug|Any CPU = Debug|Any CPU
		Release|Any CPU = Release|Any CPU
	EndGlobalSection
	GlobalSection(ProjectConfigurationPlatforms) = postSolution
		{8F2543FB-9251-4ADE-8E1E-39349C9AACD2}.Debug|Any CPU.ActiveCfg = Debug|Any CPU
		{8F2543FB-9251-4ADE-8E1E-39349C9AACD2}.Debug|Any CPU.Build.0 = Debug|Any CPU
		{8F2543FB-9251-4ADE-8E1E-39349C9AACD2}.Release|Any CPU.ActiveCfg = Release|Any CPU
		{8F2543FB-9251-4ADE-8E1E-39349C9AACD2}.Release|Any CPU.Build.0 = Release|Any CPU
	EndGlobalSection
	GlobalSection(SolutionProperties) = preSolution
		HideSolutionNode = FALSE
	EndGlobalSection
	GlobalSection(ExtensibilityGlobals) = postSolution
		SolutionGuid = {31FEE5B1-471A-483A-8FF8-488BBFC3E9A7}
	EndGlobalSection
EndGlobal
